// !$*UTF8*$!
{
	archiveVersion = 1;
	classes = {
	};
	objectVersion = 54;
	objects = {

/* Begin PBXBuildFile section */
		FAEACC260001000100000001 /* ios_hostApp.swift in Sources */ = {isa = PBXBuildFile; fileRef = FAEACC260001000100000005 /* ios_hostApp.swift */; };
		FAEACC260001000100000002 /* ContentView.swift in Sources */ = {isa = PBXBuildFile; fileRef = FAEACC260001000100000006 /* ContentView.swift */; };
		FAEACC260001000100000003 /* LoginSdk.framework in Frameworks */ = {isa = PBXBuildFile; fileRef = FAEACC260001000100000009 /* LoginSdk.framework */; };
/* End PBXBuildFile section */

/* Begin PBXFileReference section */
		FAEACC260001000100000004 /* ios-host.app */ = {isa = PBXFileReference; explicitFileType = wrapper.application; includeInIndex = 0; path = "ios-host.app"; sourceTree = BUILT_PRODUCTS_DIR; };
		FAEACC260001000100000005 /* ios_hostApp.swift */ = {isa = PBXFileReference; lastKnownFileType = sourcecode.swift; path = ios_hostApp.swift; sourceTree = "<group>"; };
		FAEACC260001000100000006 /* ContentView.swift */ = {isa = PBXFileReference; lastKnownFileType = sourcecode.swift; path = ContentView.swift; sourceTree = "<group>"; };
		FAEACC260001000100000007 /* Info.plist */ = {isa = PBXFileReference; lastKnownFileType = text.plist.xml; path = Info.plist; sourceTree = "<group>"; };
		FAEACC260001000100000008 /* Config.xcconfig */ = {isa = PBXFileReference; lastKnownFileType = text.xcconfig; path = Config.xcconfig; sourceTree = "<group>"; };
		FAEACC260001000100000009 /* LoginSdk.framework */ = {isa = PBXFileReference; lastKnownFileType = wrapper.framework; name = LoginSdk.framework; path = "../login-sdk/build/xcode-frameworks/$(CONFIGURATION)/$(SDK_NAME)/LoginSdk.framework"; sourceTree = "<group>"; };
/* End PBXFileReference section */

/* Begin PBXFrameworksBuildPhase section */
		FAEACC26000100010000000A /* Frameworks */ = {
			isa = PBXFrameworksBuildPhase;
			buildActionMask = 2147483647;
			files = (
				FAEACC260001000100000003 /* LoginSdk.framework in Frameworks */,
			);
			runOnlyForDeploymentPostprocessing = 0;
		};
/* End PBXFrameworksBuildPhase section */

/* Begin PBXGroup section */
		FAEACC26000100010000000B = {
			isa = PBXGroup;
			children = (
				FAEACC26000100010000000C /* Configuration */,
				FAEACC26000100010000000D /* ios-host */,
				FAEACC26000100010000000E /* Products */,
				FAEACC26000100010000000F /* Frameworks */,
			);
			sourceTree = "<group>";
		};
		FAEACC26000100010000000C /* Configuration */ = {
			isa = PBXGroup;
			children = (
				FAEACC260001000100000008 /* Config.xcconfig */,
			);
			path = Configuration;
			sourceTree = "<group>";
		};
		FAEACC26000100010000000D /* ios-host */ = {
			isa = PBXGroup;
			children = (
				FAEACC260001000100000005 /* ios_hostApp.swift */,
				FAEACC260001000100000006 /* ContentView.swift */,
				FAEACC260001000100000007 /* Info.plist */,
			);
			path = "ios-host";
			sourceTree = "<group>";
		};
		FAEACC26000100010000000E /* Products */ = {
			isa = PBXGroup;
			children = (
				FAEACC260001000100000004 /* ios-host.app */,
			);
			name = Products;
			sourceTree = "<group>";
		};
		FAEACC26000100010000000F /* Frameworks */ = {
			isa = PBXGroup;
			children = (
				FAEACC260001000100000009 /* LoginSdk.framework */,
			);
			name = Frameworks;
			sourceTree = "<group>";
		};
/* End PBXGroup section */

/* Begin PBXNativeTarget section */
		FAEACC260001000100000010 /* ios-host */ = {
			isa = PBXNativeTarget;
			buildConfigurationList = FAEACC260001000100000019 /* Build configuration list for PBXNativeTarget "ios-host" */;
			buildPhases = (
				FAEACC260001000100000012 /* Compile Kotlin Framework */,
				FAEACC260001000100000013 /* Sources */,
				FAEACC26000100010000000A /* Frameworks */,
			);
			buildRules = (
			);
			dependencies = (
			);
			name = "ios-host";
			productName = "ios-host";
			productReference = FAEACC260001000100000004 /* ios-host.app */;
			productType = "com.apple.product-type.application";
		};
/* End PBXNativeTarget section */

/* Begin PBXProject section */
		FAEACC260001000100000011 /* Project object */ = {
			isa = PBXProject;
			attributes = {
				BuildIndependentTargetsInParallel = 1;
				LastSwiftUpdateCheck = 1500;
				LastUpgradeCheck = 1500;
				TargetAttributes = {
					FAEACC260001000100000010 = {
						CreatedOnToolsVersion = 15.0;
					};
				};
			};
			buildConfigurationList = FAEACC260001000100000018 /* Build configuration list for PBXProject "ios-host" */;
			compatibilityVersion = "Xcode 14.0";
			developmentRegion = en;
			hasScannedForEncodings = 0;
			knownRegions = (
				en,
				Base,
			);
			mainGroup = FAEACC26000100010000000B;
			productRefGroup = FAEACC26000100010000000E /* Products */;
			projectDirPath = "";
			projectRoot = "";
			targets = (
				FAEACC260001000100000010 /* ios-host */,
			);
		};
/* End PBXProject section */

/* Begin PBXShellScriptBuildPhase section */
		FAEACC260001000100000012 /* Compile Kotlin Framework */ = {
			isa = PBXShellScriptBuildPhase;
			buildActionMask = 2147483647;
			files = (
			);
			inputFileListPaths = (
			);
			inputPaths = (
			);
			name = "Compile Kotlin Framework";
			outputFileListPaths = (
			);
			outputPaths = (
			);
			runOnlyForDeploymentPostprocessing = 0;
			shellPath = /bin/sh;
			shellScript = "if [ \"YES\" = \"$OVERRIDE_KOTLIN_BUILD_IDE_SUPPORTED\" ]; then\n  echo \"Skipping Gradle build task invocation due to OVERRIDE_KOTLIN_BUILD_IDE_SUPPORTED environment variable set to \\\"YES\\\"\"\n  exit 0\nfi\nset -e\ncd \"$SRCROOT/..\"\nif [ -x \"./gradlew\" ]; then\n  GRADLE=./gradlew\nelif command -v gradle >/dev/null 2>&1; then\n  GRADLE=gradle\nelse\n  echo \"error: gradlew or gradle not found. Run 'gradle wrapper' in project root.\"\n  exit 1\nfi\n\"$GRADLE\" :login-sdk:embedAndSignAppleFrameworkForXcode -PXCODE_CONFIGURATION=\"$CONFIGURATION\" -PXCODE_SDK_NAME=\"$SDK_NAME\" -PXCODE_ARCHS=\"$ARCHS\" --no-daemon\n";
		};
/* End PBXShellScriptBuildPhase section */

/* Begin PBXSourcesBuildPhase section */
		FAEACC260001000100000013 /* Sources */ = {
			isa = PBXSourcesBuildPhase;
			buildActionMask = 2147483647;
			files = (
				FAEACC260001000100000001 /* ios_hostApp.swift in Sources */,
				FAEACC260001000100000002 /* ContentView.swift in Sources */,
			);
			runOnlyForDeploymentPostprocessing = 0;
		};
/* End PBXSourcesBuildPhase section */

/* Begin XCBuildConfiguration section */
		FAEACC260001000100000014 /* Debug */ = {
			isa = XCBuildConfiguration;
			baseConfigurationReference = FAEACC260001000100000008 /* Config.xcconfig */;
			buildSettings = {
				ALWAYS_SEARCH_USER_PATHS = NO;
				CLANG_ENABLE_MODULES = YES;
				COPY_PHASE_STRIP = NO;
				DEBUG_INFORMATION_FORMAT = dwarf;
				ENABLE_TESTABILITY = YES;
				GCC_DYNAMIC_NO_PIC = NO;
				GCC_OPTIMIZATION_LEVEL = 0;
				GCC_PREPROCESSOR_DEFINITIONS = (
					"DEBUG=1",
					"$(inherited)",
				);
				IPHONEOS_DEPLOYMENT_TARGET = 15.0;
				MTL_ENABLE_DEBUG_INFO = INCLUDE_SOURCE;
				ONLY_ACTIVE_ARCH = YES;
				SDKROOT = iphoneos;
				SWIFT_ACTIVE_COMPILATION_CONDITIONS = DEBUG;
				SWIFT_OPTIMIZATION_LEVEL = "-Onone";
			};
			name = Debug;
		};
		FAEACC260001000100000015 /* Release */ = {
			isa = XCBuildConfiguration;
			baseConfigurationReference = FAEACC260001000100000008 /* Config.xcconfig */;
			buildSettings = {
				ALWAYS_SEARCH_USER_PATHS = NO;
				CLANG_ENABLE_MODULES = YES;
				COPY_PHASE_STRIP = NO;
				DEBUG_INFORMATION_FORMAT = "dwarf-with-dsym";
				ENABLE_NS_ASSERTIONS = NO;
				IPHONEOS_DEPLOYMENT_TARGET = 15.0;
				MTL_ENABLE_DEBUG_INFO = NO;
				SDKROOT = iphoneos;
				SWIFT_COMPILATION_MODE = wholemodule;
				VALIDATE_PRODUCT = YES;
			};
			name = Release;
		};
		FAEACC260001000100000016 /* Debug */ = {
			isa = XCBuildConfiguration;
			baseConfigurationReference = FAEACC260001000100000008 /* Config.xcconfig */;
			buildSettings = {
				ENABLE_PREVIEWS = YES;
				INFOPLIST_FILE = "ios-host/Info.plist";
				LD_RUNPATH_SEARCH_PATHS = (
					"$(inherited)",
					"@executable_path/Frameworks",
				);
				SWIFT_EMIT_LOC_STRINGS = YES;
				SWIFT_VERSION = 5.0;
				TARGETED_DEVICE_FAMILY = "1,2";
			};
			name = Debug;
		};
		FAEACC260001000100000017 /* Release */ = {
			isa = XCBuildConfiguration;
			baseConfigurationReference = FAEACC260001000100000008 /* Config.xcconfig */;
			buildSettings = {
				ENABLE_PREVIEWS = YES;
				INFOPLIST_FILE = "ios-host/Info.plist";
				LD_RUNPATH_SEARCH_PATHS = (
					"$(inherited)",
					"@executable_path/Frameworks",
				);
				SWIFT_EMIT_LOC_STRINGS = YES;
				SWIFT_VERSION = 5.0;
				TARGETED_DEVICE_FAMILY = "1,2";
			};
			name = Release;
		};
/* End XCBuildConfiguration section */

/* Begin XCConfigurationList section */
		FAEACC260001000100000018 /* Build configuration list for PBXProject "ios-host" */ = {
			isa = XCConfigurationList;
			buildConfigurations = (
				FAEACC260001000100000014 /* Debug */,
				FAEACC260001000100000015 /* Release */,
			);
			defaultConfigurationIsVisible = 0;
			defaultConfigurationName = Release;
		};
		FAEACC260001000100000019 /* Build configuration list for PBXNativeTarget "ios-host" */ = {
			isa = XCConfigurationList;
			buildConfigurations = (
				FAEACC260001000100000016 /* Debug */,
				FAEACC260001000100000017 /* Release */,
			);
			defaultConfigurationIsVisible = 0;
			defaultConfigurationName = Release;
		};
/* End XCConfigurationList section */
	};
	rootObject = FAEACC260001000100000011 /* Project object */;
}
